{
  "object": {
    "pins": [
      {
        "package": "async-kit",
        "repositoryURL": "https://github.com/vapor/async-kit.git",
        "state": {
          "branch": null,
          "revision": "b5742bfbbe2d60f3b77465a0907777261e418f23",
          "version": "1.0.0-alpha.1"
        }
      },
      {
        "package": "CryptoSwift",
        "repositoryURL": "https://github.com/krzyzanowskim/CryptoSwift.git",
        "state": {
          "branch": null,
          "revision": "3a2acbb32ab68215ee1596ee6004da8e90c3721b",
          "version": "1.0.0"
        }
      },
      {
        "package": "swift-nio",
        "repositoryURL": "https://github.com/apple/swift-nio.git",
        "state": {
          "branch": null,
          "revision": "790827800d6af12ca6a8b1dca7a9072606fd2a1e",
          "version": "2.7.0"
        }
      },
      {
        "package": "swift-nio-extras",
        "repositoryURL": "https://github.com/apple/swift-nio-extras.git",
        "state": {
          "branch": null,
          "revision": "66f9a509ed3cc56b6eb367515e421beca4a0af53",
          "version": "1.2.0"
        }
      },
      {
        "package": "SwiftCLI",
        "repositoryURL": "https://github.com/larsschwegmann/SwiftCLI.git",
        "state": {
          "branch": "master",
          "revision": "3888ffd3ad237c6c6d73df92ef42258af4a90f60",
          "version": null
        }
      },
      {
        "package": "UInt256",
        "repositoryURL": "https://github.com/larsschwegmann/UInt256.git",
        "state": {
          "branch": "master",
          "revision": "3bb1a6d2fa4c55ee90d92f0a2faf494ca2deec45",
          "version": null
        }
      }
    ]
  },
  "version": 1
}
